
Microsoft Visual Studio Solution File, Format Version 12.00
# Visual Studio Version 17
VisualStudioVersion = 17.13.35931.197
MinimumVisualStudioVersion = 10.0.40219.1
Project("{8BC9CEB8-8B4A-11D0-8D11-00A0C91BC942}") = "GameProC", "GameProC.vcxproj", "{0B6DAD69-A862-4BC5-A566-148BD597F0FE}"
EndProject
Project("{8BC9CEB8-8B4A-11D0-8D11-00A0C91BC942}") = "Class1th (Variable & Constant)", "..\Class1th (Variable & Constant)\Class1th (Variable & Constant).vcxproj", "{40A2F98C-0249-4CF3-99FA-06690E759BE3}"
EndProject
Project("{8BC9CEB8-8B4A-11D0-8D11-00A0C91BC942}") = "Class2th - Bit", "..\Class2th - Bit\Class2th - Bit.vcxproj", "{4CD72DCF-05BD-47ED-A250-6B23C2DB8A35}"
EndProject
Project("{8BC9CEB8-8B4A-11D0-8D11-00A0C91BC942}") = "Class3th (iteration Staterment)", "..\Class3th (iteration Staterment)\Class3th (iteration Staterment).vcxproj", "{34FECD72-8A76-43E2-9CBD-2F3F4EC12E51}"
EndProject
Project("{8BC9CEB8-8B4A-11D0-8D11-00A0C91BC942}") = "Class4th (Conditional Statement)", "..\Class4th (Conditional Statement)\Class4th (Conditional Statement).vcxproj", "{A64C1568-C01A-4ECD-9746-B34C67B45454}"
EndProject
Project("{8BC9CEB8-8B4A-11D0-8D11-00A0C91BC942}") = "Class5th (Type Conversion)", "..\Class5th (Type Conversion)\Class5th (Type Conversion).vcxproj", "{3FFD0387-7930-49ED-B8EE-804B8D51BA45}"
EndProject
Project("{8BC9CEB8-8B4A-11D0-8D11-00A0C91BC942}") = "Class6th (Pointer)", "..\Class6th (Pointer)\Class6th (Pointer).vcxproj", "{26375E29-0EC8-45B2-9878-C0D715C17A44}"
EndProject
Project("{8BC9CEB8-8B4A-11D0-8D11-00A0C91BC942}") = "Class7th (Arrangement)", "..\Class7th (Arrangement)\Class7th (Arrangement).vcxproj", "{AFBB1F48-E713-4265-877C-5CEAA1F7AD0D}"
EndProject
Project("{8BC9CEB8-8B4A-11D0-8D11-00A0C91BC942}") = "Class8th - Function", "..\Class8th - Function\Class8th - Function.vcxproj", "{A009A578-60D9-4E57-A89C-A9AD8D9624FF}"
EndProject
Project("{8BC9CEB8-8B4A-11D0-8D11-00A0C91BC942}") = "Class9th - Storage", "..\Class9th - Storage\Class9th - Storage.vcxproj", "{84767495-1FE5-4DEF-B297-091B2630D23B}"
EndProject
Project("{8BC9CEB8-8B4A-11D0-8D11-00A0C91BC942}") = "Class10th - Dynamic - Allocation", "..\Class10th - Dynamic - Allocation\Class10th - Dynamic - Allocation.vcxproj", "{93769AB3-DE85-4A4A-99C8-7A1AD3355CCD}"
EndProject
Global
	GlobalSection(SolutionConfigurationPlatforms) = preSolution
		Debug|x64 = Debug|x64
		Debug|x86 = Debug|x86
		Release|x64 = Release|x64
		Release|x86 = Release|x86
	EndGlobalSection
	GlobalSection(ProjectConfigurationPlatforms) = postSolution
		{0B6DAD69-A862-4BC5-A566-148BD597F0FE}.Debug|x64.ActiveCfg = Debug|x64
		{0B6DAD69-A862-4BC5-A566-148BD597F0FE}.Debug|x64.Build.0 = Debug|x64
		{0B6DAD69-A862-4BC5-A566-148BD597F0FE}.Debug|x86.ActiveCfg = Debug|Win32
		{0B6DAD69-A862-4BC5-A566-148BD597F0FE}.Debug|x86.Build.0 = Debug|Win32
		{0B6DAD69-A862-4BC5-A566-148BD597F0FE}.Release|x64.ActiveCfg = Release|x64
		{0B6DAD69-A862-4BC5-A566-148BD597F0FE}.Release|x64.Build.0 = Release|x64
		{0B6DAD69-A862-4BC5-A566-148BD597F0FE}.Release|x86.ActiveCfg = Release|Win32
		{0B6DAD69-A862-4BC5-A566-148BD597F0FE}.Release|x86.Build.0 = Release|Win32
		{40A2F98C-0249-4CF3-99FA-06690E759BE3}.Debug|x64.ActiveCfg = Debug|x64
		{40A2F98C-0249-4CF3-99FA-06690E759BE3}.Debug|x64.Build.0 = Debug|x64
		{40A2F98C-0249-4CF3-99FA-06690E759BE3}.Debug|x86.ActiveCfg = Debug|Win32
		{40A2F98C-0249-4CF3-99FA-06690E759BE3}.Debug|x86.Build.0 = Debug|Win32
		{40A2F98C-0249-4CF3-99FA-06690E759BE3}.Release|x64.ActiveCfg = Release|x64
		{40A2F98C-0249-4CF3-99FA-06690E759BE3}.Release|x64.Build.0 = Release|x64
		{40A2F98C-0249-4CF3-99FA-06690E759BE3}.Release|x86.ActiveCfg = Release|Win32
		{40A2F98C-0249-4CF3-99FA-06690E759BE3}.Release|x86.Build.0 = Release|Win32
		{4CD72DCF-05BD-47ED-A250-6B23C2DB8A35}.Debug|x64.ActiveCfg = Debug|x64
		{4CD72DCF-05BD-47ED-A250-6B23C2DB8A35}.Debug|x64.Build.0 = Debug|x64
		{4CD72DCF-05BD-47ED-A250-6B23C2DB8A35}.Debug|x86.ActiveCfg = Debug|Win32
		{4CD72DCF-05BD-47ED-A250-6B23C2DB8A35}.Debug|x86.Build.0 = Debug|Win32
		{4CD72DCF-05BD-47ED-A250-6B23C2DB8A35}.Release|x64.ActiveCfg = Release|x64
		{4CD72DCF-05BD-47ED-A250-6B23C2DB8A35}.Release|x64.Build.0 = Release|x64
		{4CD72DCF-05BD-47ED-A250-6B23C2DB8A35}.Release|x86.ActiveCfg = Release|Win32
		{4CD72DCF-05BD-47ED-A250-6B23C2DB8A35}.Release|x86.Build.0 = Release|Win32
		{34FECD72-8A76-43E2-9CBD-2F3F4EC12E51}.Debug|x64.ActiveCfg = Debug|x64
		{34FECD72-8A76-43E2-9CBD-2F3F4EC12E51}.Debug|x64.Build.0 = Debug|x64
		{34FECD72-8A76-43E2-9CBD-2F3F4EC12E51}.Debug|x86.ActiveCfg = Debug|Win32
		{34FECD72-8A76-43E2-9CBD-2F3F4EC12E51}.Debug|x86.Build.0 = Debug|Win32
		{34FECD72-8A76-43E2-9CBD-2F3F4EC12E51}.Release|x64.ActiveCfg = Release|x64
		{34FECD72-8A76-43E2-9CBD-2F3F4EC12E51}.Release|x64.Build.0 = Release|x64
		{34FECD72-8A76-43E2-9CBD-2F3F4EC12E51}.Release|x86.ActiveCfg = Release|Win32
		{34FECD72-8A76-43E2-9CBD-2F3F4EC12E51}.Release|x86.Build.0 = Release|Win32
		{A64C1568-C01A-4ECD-9746-B34C67B45454}.Debug|x64.ActiveCfg = Debug|x64
		{A64C1568-C01A-4ECD-9746-B34C67B45454}.Debug|x64.Build.0 = Debug|x64
		{A64C1568-C01A-4ECD-9746-B34C67B45454}.Debug|x86.ActiveCfg = Debug|Win32
		{A64C1568-C01A-4ECD-9746-B34C67B45454}.Debug|x86.Build.0 = Debug|Win32
		{A64C1568-C01A-4ECD-9746-B34C67B45454}.Release|x64.ActiveCfg = Release|x64
		{A64C1568-C01A-4ECD-9746-B34C67B45454}.Release|x64.Build.0 = Release|x64
		{A64C1568-C01A-4ECD-9746-B34C67B45454}.Release|x86.ActiveCfg = Release|Win32
		{A64C1568-C01A-4ECD-9746-B34C67B45454}.Release|x86.Build.0 = Release|Win32
		{3FFD0387-7930-49ED-B8EE-804B8D51BA45}.Debug|x64.ActiveCfg = Debug|x64
		{3FFD0387-7930-49ED-B8EE-804B8D51BA45}.Debug|x64.Build.0 = Debug|x64
		{3FFD0387-7930-49ED-B8EE-804B8D51BA45}.Debug|x86.ActiveCfg = Debug|Win32
		{3FFD0387-7930-49ED-B8EE-804B8D51BA45}.Debug|x86.Build.0 = Debug|Win32
		{3FFD0387-7930-49ED-B8EE-804B8D51BA45}.Release|x64.ActiveCfg = Release|x64
		{3FFD0387-7930-49ED-B8EE-804B8D51BA45}.Release|x64.Build.0 = Release|x64
		{3FFD0387-7930-49ED-B8EE-804B8D51BA45}.Release|x86.ActiveCfg = Release|Win32
		{3FFD0387-7930-49ED-B8EE-804B8D51BA45}.Release|x86.Build.0 = Release|Win32
		{26375E29-0EC8-45B2-9878-C0D715C17A44}.Debug|x64.ActiveCfg = Debug|x64
		{26375E29-0EC8-45B2-9878-C0D715C17A44}.Debug|x64.Build.0 = Debug|x64
		{26375E29-0EC8-45B2-9878-C0D715C17A44}.Debug|x86.ActiveCfg = Debug|Win32
		{26375E29-0EC8-45B2-9878-C0D715C17A44}.Debug|x86.Build.0 = Debug|Win32
		{26375E29-0EC8-45B2-9878-C0D715C17A44}.Release|x64.ActiveCfg = Release|x64
		{26375E29-0EC8-45B2-9878-C0D715C17A44}.Release|x64.Build.0 = Release|x64
		{26375E29-0EC8-45B2-9878-C0D715C17A44}.Release|x86.ActiveCfg = Release|Win32
		{26375E29-0EC8-45B2-9878-C0D715C17A44}.Release|x86.Build.0 = Release|Win32
		{AFBB1F48-E713-4265-877C-5CEAA1F7AD0D}.Debug|x64.ActiveCfg = Debug|x64
		{AFBB1F48-E713-4265-877C-5CEAA1F7AD0D}.Debug|x64.Build.0 = Debug|x64
		{AFBB1F48-E713-4265-877C-5CEAA1F7AD0D}.Debug|x86.ActiveCfg = Debug|Win32
		{AFBB1F48-E713-4265-877C-5CEAA1F7AD0D}.Debug|x86.Build.0 = Debug|Win32
		{AFBB1F48-E713-4265-877C-5CEAA1F7AD0D}.Release|x64.ActiveCfg = Release|x64
		{AFBB1F48-E713-4265-877C-5CEAA1F7AD0D}.Release|x64.Build.0 = Release|x64
		{AFBB1F48-E713-4265-877C-5CEAA1F7AD0D}.Release|x86.ActiveCfg = Release|Win32
		{AFBB1F48-E713-4265-877C-5CEAA1F7AD0D}.Release|x86.Build.0 = Release|Win32
		{A009A578-60D9-4E57-A89C-A9AD8D9624FF}.Debug|x64.ActiveCfg = Debug|x64
		{A009A578-60D9-4E57-A89C-A9AD8D9624FF}.Debug|x64.Build.0 = Debug|x64
		{A009A578-60D9-4E57-A89C-A9AD8D9624FF}.Debug|x86.ActiveCfg = Debug|Win32
		{A009A578-60D9-4E57-A89C-A9AD8D9624FF}.Debug|x86.Build.0 = Debug|Win32
		{A009A578-60D9-4E57-A89C-A9AD8D9624FF}.Release|x64.ActiveCfg = Release|x64
		{A009A578-60D9-4E57-A89C-A9AD8D9624FF}.Release|x64.Build.0 = Release|x64
		{A009A578-60D9-4E57-A89C-A9AD8D9624FF}.Release|x86.ActiveCfg = Release|Win32
		{A009A578-60D9-4E57-A89C-A9AD8D9624FF}.Release|x86.Build.0 = Release|Win32
		{84767495-1FE5-4DEF-B297-091B2630D23B}.Debug|x64.ActiveCfg = Debug|x64
		{84767495-1FE5-4DEF-B297-091B2630D23B}.Debug|x64.Build.0 = Debug|x64
		{84767495-1FE5-4DEF-B297-091B2630D23B}.Debug|x86.ActiveCfg = Debug|Win32
		{84767495-1FE5-4DEF-B297-091B2630D23B}.Debug|x86.Build.0 = Debug|Win32
		{84767495-1FE5-4DEF-B297-091B2630D23B}.Release|x64.ActiveCfg = Release|x64
		{84767495-1FE5-4DEF-B297-091B2630D23B}.Release|x64.Build.0 = Release|x64
		{84767495-1FE5-4DEF-B297-091B2630D23B}.Release|x86.ActiveCfg = Release|Win32
		{84767495-1FE5-4DEF-B297-091B2630D23B}.Release|x86.Build.0 = Release|Win32
		{93769AB3-DE85-4A4A-99C8-7A1AD3355CCD}.Debug|x64.ActiveCfg = Debug|x64
		{93769AB3-DE85-4A4A-99C8-7A1AD3355CCD}.Debug|x64.Build.0 = Debug|x64
		{93769AB3-DE85-4A4A-99C8-7A1AD3355CCD}.Debug|x86.ActiveCfg = Debug|Win32
		{93769AB3-DE85-4A4A-99C8-7A1AD3355CCD}.Debug|x86.Build.0 = Debug|Win32
		{93769AB3-DE85-4A4A-99C8-7A1AD3355CCD}.Release|x64.ActiveCfg = Release|x64
		{93769AB3-DE85-4A4A-99C8-7A1AD3355CCD}.Release|x64.Build.0 = Release|x64
		{93769AB3-DE85-4A4A-99C8-7A1AD3355CCD}.Release|x86.ActiveCfg = Release|Win32
		{93769AB3-DE85-4A4A-99C8-7A1AD3355CCD}.Release|x86.Build.0 = Release|Win32
	EndGlobalSection
	GlobalSection(SolutionProperties) = preSolution
		HideSolutionNode = FALSE
	EndGlobalSection
	GlobalSection(ExtensibilityGlobals) = postSolution
		SolutionGuid = {51F34DD8-AA00-412C-A18B-D9AC8FBF2562}
	EndGlobalSection
EndGlobal
