
Microsoft Visual Studio Solution File, Format Version 12.00
# Visual Studio Version 17
VisualStudioVersion = 17.13.35931.197
MinimumVisualStudioVersion = 10.0.40219.1
Project("{8BC9CEB8-8B4A-11D0-8D11-00A0C91BC942}") = "GameProC", "GameProC.vcxproj", "{0B6DAD69-A862-4BC5-A566-148BD597F0FE}"
EndProject
Project("{8BC9CEB8-8B4A-11D0-8D11-00A0C91BC942}") = "Class1th (Variable & Constant)", "..\Class1th (Variable & Constant)\Class1th (Variable & Constant).vcxproj", "{40A2F98C-0249-4CF3-99FA-06690E759BE3}"
EndProject
Project("{8BC9CEB8-8B4A-11D0-8D11-00A0C91BC942}") = "Class2th - Bit", "..\Class2th - Bit\Class2th - Bit.vcxproj", "{4CD72DCF-05BD-47ED-A250-6B23C2DB8A35}"
EndProject
Project("{8BC9CEB8-8B4A-11D0-8D11-00A0C91BC942}") = "Class3th (iteration Staterment)", "..\Class3th (iteration Staterment)\Class3th (iteration Staterment).vcxproj", "{34FECD72-8A76-43E2-9CBD-2F3F4EC12E51}"
EndProject
Global
	GlobalSection(SolutionConfigurationPlatforms) = preSolution
		Debug|x64 = Debug|x64
		Debug|x86 = Debug|x86
		Release|x64 = Release|x64
		Release|x86 = Release|x86
	EndGlobalSection
	GlobalSection(ProjectConfigurationPlatforms) = postSolution
		{0B6DAD69-A862-4BC5-A566-148BD597F0FE}.Debug|x64.ActiveCfg = Debug|x64
		{0B6DAD69-A862-4BC5-A566-148BD597F0FE}.Debug|x64.Build.0 = Debug|x64
		{0B6DAD69-A862-4BC5-A566-148BD597F0FE}.Debug|x86.ActiveCfg = Debug|Win32
		{0B6DAD69-A862-4BC5-A566-148BD597F0FE}.Debug|x86.Build.0 = Debug|Win32
		{0B6DAD69-A862-4BC5-A566-148BD597F0FE}.Release|x64.ActiveCfg = Release|x64
		{0B6DAD69-A862-4BC5-A566-148BD597F0FE}.Release|x64.Build.0 = Release|x64
		{0B6DAD69-A862-4BC5-A566-148BD597F0FE}.Release|x86.ActiveCfg = Release|Win32
		{0B6DAD69-A862-4BC5-A566-148BD597F0FE}.Release|x86.Build.0 = Release|Win32
		{40A2F98C-0249-4CF3-99FA-06690E759BE3}.Debug|x64.ActiveCfg = Debug|x64
		{40A2F98C-0249-4CF3-99FA-06690E759BE3}.Debug|x64.Build.0 = Debug|x64
		{40A2F98C-0249-4CF3-99FA-06690E759BE3}.Debug|x86.ActiveCfg = Debug|Win32
		{40A2F98C-0249-4CF3-99FA-06690E759BE3}.Debug|x86.Build.0 = Debug|Win32
		{40A2F98C-0249-4CF3-99FA-06690E759BE3}.Release|x64.ActiveCfg = Release|x64
		{40A2F98C-0249-4CF3-99FA-06690E759BE3}.Release|x64.Build.0 = Release|x64
		{40A2F98C-0249-4CF3-99FA-06690E759BE3}.Release|x86.ActiveCfg = Release|Win32
		{40A2F98C-0249-4CF3-99FA-06690E759BE3}.Release|x86.Build.0 = Release|Win32
		{4CD72DCF-05BD-47ED-A250-6B23C2DB8A35}.Debug|x64.ActiveCfg = Debug|x64
		{4CD72DCF-05BD-47ED-A250-6B23C2DB8A35}.Debug|x64.Build.0 = Debug|x64
		{4CD72DCF-05BD-47ED-A250-6B23C2DB8A35}.Debug|x86.ActiveCfg = Debug|Win32
		{4CD72DCF-05BD-47ED-A250-6B23C2DB8A35}.Debug|x86.Build.0 = Debug|Win32
		{4CD72DCF-05BD-47ED-A250-6B23C2DB8A35}.Release|x64.ActiveCfg = Release|x64
		{4CD72DCF-05BD-47ED-A250-6B23C2DB8A35}.Release|x64.Build.0 = Release|x64
		{4CD72DCF-05BD-47ED-A250-6B23C2DB8A35}.Release|x86.ActiveCfg = Release|Win32
		{4CD72DCF-05BD-47ED-A250-6B23C2DB8A35}.Release|x86.Build.0 = Release|Win32
		{34FECD72-8A76-43E2-9CBD-2F3F4EC12E51}.Debug|x64.ActiveCfg = Debug|x64
		{34FECD72-8A76-43E2-9CBD-2F3F4EC12E51}.Debug|x64.Build.0 = Debug|x64
		{34FECD72-8A76-43E2-9CBD-2F3F4EC12E51}.Debug|x86.ActiveCfg = Debug|Win32
		{34FECD72-8A76-43E2-9CBD-2F3F4EC12E51}.Debug|x86.Build.0 = Debug|Win32
		{34FECD72-8A76-43E2-9CBD-2F3F4EC12E51}.Release|x64.ActiveCfg = Release|x64
		{34FECD72-8A76-43E2-9CBD-2F3F4EC12E51}.Release|x64.Build.0 = Release|x64
		{34FECD72-8A76-43E2-9CBD-2F3F4EC12E51}.Release|x86.ActiveCfg = Release|Win32
		{34FECD72-8A76-43E2-9CBD-2F3F4EC12E51}.Release|x86.Build.0 = Release|Win32
	EndGlobalSection
	GlobalSection(SolutionProperties) = preSolution
		HideSolutionNode = FALSE
	EndGlobalSection
	GlobalSection(ExtensibilityGlobals) = postSolution
		SolutionGuid = {51F34DD8-AA00-412C-A18B-D9AC8FBF2562}
	EndGlobalSection
EndGlobal
